
Microsoft Visual Studio Solution File, Format Version 12.00
# Visual Studio 14
VisualStudioVersion = 14.0.25420.1
MinimumVisualStudioVersion = 10.0.40219.1
Project("{8BC9CEB8-8B4A-11D0-8D11-00A0C91BC942}") = "Varibles", "Varibles\Varibles.vcxproj", "{266A84DF-1734-4189-A1E8-C2F1C8B73983}"
EndProject
Project("{8BC9CEB8-8B4A-11D0-8D11-00A0C91BC942}") = "swapper", "Project1\Project1.vcxproj", "{EDD7A138-C247-45AA-8106-CC59662A6FC0}"
EndProject
Project("{8BC9CEB8-8B4A-11D0-8D11-00A0C91BC942}") = "avrage", "Project2\Project2.vcxproj", "{65D4A5A9-08E7-410C-95AC-C946223EDF9D}"
EndProject
Project("{8BC9CEB8-8B4A-11D0-8D11-00A0C91BC942}") = "AlphabetLetters", "AlphabetLetters\AlphabetLetters.vcxproj", "{DD0ECBDE-56DB-4A6B-B525-B1907DE33DE9}"
EndProject
Project("{8BC9CEB8-8B4A-11D0-8D11-00A0C91BC942}") = "conditional statements", "conditional statements\conditional statements.vcxproj", "{673A84BD-4027-4ED2-BE19-F67E08A1A29E}"
EndProject
Project("{8BC9CEB8-8B4A-11D0-8D11-00A0C91BC942}") = "larger number to console", "larger number to console\larger number to console.vcxproj", "{8496B8D9-97C7-44C2-8A25-76BB1748A012}"
EndProject
Project("{8BC9CEB8-8B4A-11D0-8D11-00A0C91BC942}") = "5 numbers in order exzample", "add switch staments\add switch staments.vcxproj", "{B9F23A86-4412-43C1-A923-AC095577A766}"
EndProject
Project("{8BC9CEB8-8B4A-11D0-8D11-00A0C91BC942}") = "switch statement", "switch statement\switch statement.vcxproj", "{7EEAC9E1-F757-48E3-BC3B-07D00B33AE67}"
EndProject
Project("{8BC9CEB8-8B4A-11D0-8D11-00A0C91BC942}") = "mathematical operation", "mathematical operation\mathematical operation.vcxproj", "{4FDCF384-70C2-43A4-BA96-0F986573E9EB}"
EndProject
Project("{8BC9CEB8-8B4A-11D0-8D11-00A0C91BC942}") = "calender", "calender\calender.vcxproj", "{15E55019-08B0-4330-B1E9-DF3A5E6DD14E}"
EndProject
Project("{8BC9CEB8-8B4A-11D0-8D11-00A0C91BC942}") = "loop", "loop\loop.vcxproj", "{ECB3005C-0E27-4A6C-967A-A5BF372A104B}"
EndProject
Project("{8BC9CEB8-8B4A-11D0-8D11-00A0C91BC942}") = "loop fizzbuzz", "loop fizzbuzz\loop fizzbuzz.vcxproj", "{FD5A1353-E90E-435E-A20B-91D097A74A08}"
EndProject
Project("{8BC9CEB8-8B4A-11D0-8D11-00A0C91BC942}") = "problem 3 loops", "problem 3 loops\problem 3 loops.vcxproj", "{56D08BF4-95C8-4A18-B89A-1DC318F2F0E5}"
EndProject
Project("{8BC9CEB8-8B4A-11D0-8D11-00A0C91BC942}") = "Arrays", "Project3\Project3.vcxproj", "{26C69567-0564-4E67-A3F2-41A1A840A666}"
EndProject
Project("{8BC9CEB8-8B4A-11D0-8D11-00A0C91BC942}") = "functions", "functions\functions.vcxproj", "{35E82633-E920-45F7-A85A-63520B9001FA}"
EndProject
Project("{8BC9CEB8-8B4A-11D0-8D11-00A0C91BC942}") = "funtions more", "funtions more\funtions more.vcxproj", "{5E03D758-44D2-43DD-88CD-54CB19A37EDB}"
EndProject
Project("{8BC9CEB8-8B4A-11D0-8D11-00A0C91BC942}") = "structures", "structures\structures.vcxproj", "{2DAE3BD5-AE1F-4671-9555-BF13D654609B}"
EndProject
Project("{8BC9CEB8-8B4A-11D0-8D11-00A0C91BC942}") = "pointers", "pointers\pointers.vcxproj", "{D4023CB0-8AC5-47EA-9BE6-AD6EA869217F}"
EndProject
Project("{8BC9CEB8-8B4A-11D0-8D11-00A0C91BC942}") = "ferocious dinoaur", "ferocious dinoaur\ferocious dinoaur.vcxproj", "{BD4F1247-9F31-40FB-9C41-799C8446C692}"
EndProject
Global
	GlobalSection(SolutionConfigurationPlatforms) = preSolution
		Debug|Any CPU = Debug|Any CPU
		Debug|x64 = Debug|x64
		Debug|x86 = Debug|x86
		Release|Any CPU = Release|Any CPU
		Release|x64 = Release|x64
		Release|x86 = Release|x86
	EndGlobalSection
	GlobalSection(ProjectConfigurationPlatforms) = postSolution
		{266A84DF-1734-4189-A1E8-C2F1C8B73983}.Debug|Any CPU.ActiveCfg = Debug|Win32
		{266A84DF-1734-4189-A1E8-C2F1C8B73983}.Debug|x64.ActiveCfg = Debug|x64
		{266A84DF-1734-4189-A1E8-C2F1C8B73983}.Debug|x64.Build.0 = Debug|x64
		{266A84DF-1734-4189-A1E8-C2F1C8B73983}.Debug|x86.ActiveCfg = Debug|Win32
		{266A84DF-1734-4189-A1E8-C2F1C8B73983}.Debug|x86.Build.0 = Debug|Win32
		{266A84DF-1734-4189-A1E8-C2F1C8B73983}.Release|Any CPU.ActiveCfg = Release|Win32
		{266A84DF-1734-4189-A1E8-C2F1C8B73983}.Release|x64.ActiveCfg = Release|x64
		{266A84DF-1734-4189-A1E8-C2F1C8B73983}.Release|x64.Build.0 = Release|x64
		{266A84DF-1734-4189-A1E8-C2F1C8B73983}.Release|x86.ActiveCfg = Release|Win32
		{266A84DF-1734-4189-A1E8-C2F1C8B73983}.Release|x86.Build.0 = Release|Win32
		{EDD7A138-C247-45AA-8106-CC59662A6FC0}.Debug|Any CPU.ActiveCfg = Debug|Win32
		{EDD7A138-C247-45AA-8106-CC59662A6FC0}.Debug|x64.ActiveCfg = Debug|x64
		{EDD7A138-C247-45AA-8106-CC59662A6FC0}.Debug|x64.Build.0 = Debug|x64
		{EDD7A138-C247-45AA-8106-CC59662A6FC0}.Debug|x86.ActiveCfg = Debug|Win32
		{EDD7A138-C247-45AA-8106-CC59662A6FC0}.Debug|x86.Build.0 = Debug|Win32
		{EDD7A138-C247-45AA-8106-CC59662A6FC0}.Release|Any CPU.ActiveCfg = Release|Win32
		{EDD7A138-C247-45AA-8106-CC59662A6FC0}.Release|x64.ActiveCfg = Release|x64
		{EDD7A138-C247-45AA-8106-CC59662A6FC0}.Release|x64.Build.0 = Release|x64
		{EDD7A138-C247-45AA-8106-CC59662A6FC0}.Release|x86.ActiveCfg = Release|Win32
		{EDD7A138-C247-45AA-8106-CC59662A6FC0}.Release|x86.Build.0 = Release|Win32
		{65D4A5A9-08E7-410C-95AC-C946223EDF9D}.Debug|Any CPU.ActiveCfg = Debug|Win32
		{65D4A5A9-08E7-410C-95AC-C946223EDF9D}.Debug|x64.ActiveCfg = Debug|x64
		{65D4A5A9-08E7-410C-95AC-C946223EDF9D}.Debug|x64.Build.0 = Debug|x64
		{65D4A5A9-08E7-410C-95AC-C946223EDF9D}.Debug|x86.ActiveCfg = Debug|Win32
		{65D4A5A9-08E7-410C-95AC-C946223EDF9D}.Debug|x86.Build.0 = Debug|Win32
		{65D4A5A9-08E7-410C-95AC-C946223EDF9D}.Release|Any CPU.ActiveCfg = Release|Win32
		{65D4A5A9-08E7-410C-95AC-C946223EDF9D}.Release|x64.ActiveCfg = Release|x64
		{65D4A5A9-08E7-410C-95AC-C946223EDF9D}.Release|x64.Build.0 = Release|x64
		{65D4A5A9-08E7-410C-95AC-C946223EDF9D}.Release|x86.ActiveCfg = Release|Win32
		{65D4A5A9-08E7-410C-95AC-C946223EDF9D}.Release|x86.Build.0 = Release|Win32
		{DD0ECBDE-56DB-4A6B-B525-B1907DE33DE9}.Debug|Any CPU.ActiveCfg = Debug|Win32
		{DD0ECBDE-56DB-4A6B-B525-B1907DE33DE9}.Debug|x64.ActiveCfg = Debug|x64
		{DD0ECBDE-56DB-4A6B-B525-B1907DE33DE9}.Debug|x64.Build.0 = Debug|x64
		{DD0ECBDE-56DB-4A6B-B525-B1907DE33DE9}.Debug|x86.ActiveCfg = Debug|Win32
		{DD0ECBDE-56DB-4A6B-B525-B1907DE33DE9}.Debug|x86.Build.0 = Debug|Win32
		{DD0ECBDE-56DB-4A6B-B525-B1907DE33DE9}.Release|Any CPU.ActiveCfg = Release|Win32
		{DD0ECBDE-56DB-4A6B-B525-B1907DE33DE9}.Release|x64.ActiveCfg = Release|x64
		{DD0ECBDE-56DB-4A6B-B525-B1907DE33DE9}.Release|x64.Build.0 = Release|x64
		{DD0ECBDE-56DB-4A6B-B525-B1907DE33DE9}.Release|x86.ActiveCfg = Release|Win32
		{DD0ECBDE-56DB-4A6B-B525-B1907DE33DE9}.Release|x86.Build.0 = Release|Win32
		{673A84BD-4027-4ED2-BE19-F67E08A1A29E}.Debug|Any CPU.ActiveCfg = Debug|Win32
		{673A84BD-4027-4ED2-BE19-F67E08A1A29E}.Debug|x64.ActiveCfg = Debug|x64
		{673A84BD-4027-4ED2-BE19-F67E08A1A29E}.Debug|x64.Build.0 = Debug|x64
		{673A84BD-4027-4ED2-BE19-F67E08A1A29E}.Debug|x86.ActiveCfg = Debug|Win32
		{673A84BD-4027-4ED2-BE19-F67E08A1A29E}.Debug|x86.Build.0 = Debug|Win32
		{673A84BD-4027-4ED2-BE19-F67E08A1A29E}.Release|Any CPU.ActiveCfg = Release|Win32
		{673A84BD-4027-4ED2-BE19-F67E08A1A29E}.Release|x64.ActiveCfg = Release|x64
		{673A84BD-4027-4ED2-BE19-F67E08A1A29E}.Release|x64.Build.0 = Release|x64
		{673A84BD-4027-4ED2-BE19-F67E08A1A29E}.Release|x86.ActiveCfg = Release|Win32
		{673A84BD-4027-4ED2-BE19-F67E08A1A29E}.Release|x86.Build.0 = Release|Win32
		{8496B8D9-97C7-44C2-8A25-76BB1748A012}.Debug|Any CPU.ActiveCfg = Debug|Win32
		{8496B8D9-97C7-44C2-8A25-76BB1748A012}.Debug|x64.ActiveCfg = Debug|x64
		{8496B8D9-97C7-44C2-8A25-76BB1748A012}.Debug|x64.Build.0 = Debug|x64
		{8496B8D9-97C7-44C2-8A25-76BB1748A012}.Debug|x86.ActiveCfg = Debug|Win32
		{8496B8D9-97C7-44C2-8A25-76BB1748A012}.Debug|x86.Build.0 = Debug|Win32
		{8496B8D9-97C7-44C2-8A25-76BB1748A012}.Release|Any CPU.ActiveCfg = Release|Win32
		{8496B8D9-97C7-44C2-8A25-76BB1748A012}.Release|x64.ActiveCfg = Release|x64
		{8496B8D9-97C7-44C2-8A25-76BB1748A012}.Release|x64.Build.0 = Release|x64
		{8496B8D9-97C7-44C2-8A25-76BB1748A012}.Release|x86.ActiveCfg = Release|Win32
		{8496B8D9-97C7-44C2-8A25-76BB1748A012}.Release|x86.Build.0 = Release|Win32
		{B9F23A86-4412-43C1-A923-AC095577A766}.Debug|Any CPU.ActiveCfg = Debug|Win32
		{B9F23A86-4412-43C1-A923-AC095577A766}.Debug|x64.ActiveCfg = Debug|x64
		{B9F23A86-4412-43C1-A923-AC095577A766}.Debug|x64.Build.0 = Debug|x64
		{B9F23A86-4412-43C1-A923-AC095577A766}.Debug|x86.ActiveCfg = Debug|Win32
		{B9F23A86-4412-43C1-A923-AC095577A766}.Debug|x86.Build.0 = Debug|Win32
		{B9F23A86-4412-43C1-A923-AC095577A766}.Release|Any CPU.ActiveCfg = Release|Win32
		{B9F23A86-4412-43C1-A923-AC095577A766}.Release|x64.ActiveCfg = Release|x64
		{B9F23A86-4412-43C1-A923-AC095577A766}.Release|x64.Build.0 = Release|x64
		{B9F23A86-4412-43C1-A923-AC095577A766}.Release|x86.ActiveCfg = Release|Win32
		{B9F23A86-4412-43C1-A923-AC095577A766}.Release|x86.Build.0 = Release|Win32
		{7EEAC9E1-F757-48E3-BC3B-07D00B33AE67}.Debug|Any CPU.ActiveCfg = Debug|Win32
		{7EEAC9E1-F757-48E3-BC3B-07D00B33AE67}.Debug|x64.ActiveCfg = Debug|x64
		{7EEAC9E1-F757-48E3-BC3B-07D00B33AE67}.Debug|x64.Build.0 = Debug|x64
		{7EEAC9E1-F757-48E3-BC3B-07D00B33AE67}.Debug|x86.ActiveCfg = Debug|Win32
		{7EEAC9E1-F757-48E3-BC3B-07D00B33AE67}.Debug|x86.Build.0 = Debug|Win32
		{7EEAC9E1-F757-48E3-BC3B-07D00B33AE67}.Release|Any CPU.ActiveCfg = Release|Win32
		{7EEAC9E1-F757-48E3-BC3B-07D00B33AE67}.Release|x64.ActiveCfg = Release|x64
		{7EEAC9E1-F757-48E3-BC3B-07D00B33AE67}.Release|x64.Build.0 = Release|x64
		{7EEAC9E1-F757-48E3-BC3B-07D00B33AE67}.Release|x86.ActiveCfg = Release|Win32
		{7EEAC9E1-F757-48E3-BC3B-07D00B33AE67}.Release|x86.Build.0 = Release|Win32
		{4FDCF384-70C2-43A4-BA96-0F986573E9EB}.Debug|Any CPU.ActiveCfg = Debug|Win32
		{4FDCF384-70C2-43A4-BA96-0F986573E9EB}.Debug|x64.ActiveCfg = Debug|x64
		{4FDCF384-70C2-43A4-BA96-0F986573E9EB}.Debug|x64.Build.0 = Debug|x64
		{4FDCF384-70C2-43A4-BA96-0F986573E9EB}.Debug|x86.ActiveCfg = Debug|Win32
		{4FDCF384-70C2-43A4-BA96-0F986573E9EB}.Debug|x86.Build.0 = Debug|Win32
		{4FDCF384-70C2-43A4-BA96-0F986573E9EB}.Release|Any CPU.ActiveCfg = Release|Win32
		{4FDCF384-70C2-43A4-BA96-0F986573E9EB}.Release|x64.ActiveCfg = Release|x64
		{4FDCF384-70C2-43A4-BA96-0F986573E9EB}.Release|x64.Build.0 = Release|x64
		{4FDCF384-70C2-43A4-BA96-0F986573E9EB}.Release|x86.ActiveCfg = Release|Win32
		{4FDCF384-70C2-43A4-BA96-0F986573E9EB}.Release|x86.Build.0 = Release|Win32
		{15E55019-08B0-4330-B1E9-DF3A5E6DD14E}.Debug|Any CPU.ActiveCfg = Debug|Win32
		{15E55019-08B0-4330-B1E9-DF3A5E6DD14E}.Debug|x64.ActiveCfg = Debug|x64
		{15E55019-08B0-4330-B1E9-DF3A5E6DD14E}.Debug|x64.Build.0 = Debug|x64
		{15E55019-08B0-4330-B1E9-DF3A5E6DD14E}.Debug|x86.ActiveCfg = Debug|Win32
		{15E55019-08B0-4330-B1E9-DF3A5E6DD14E}.Debug|x86.Build.0 = Debug|Win32
		{15E55019-08B0-4330-B1E9-DF3A5E6DD14E}.Release|Any CPU.ActiveCfg = Release|Win32
		{15E55019-08B0-4330-B1E9-DF3A5E6DD14E}.Release|x64.ActiveCfg = Release|x64
		{15E55019-08B0-4330-B1E9-DF3A5E6DD14E}.Release|x64.Build.0 = Release|x64
		{15E55019-08B0-4330-B1E9-DF3A5E6DD14E}.Release|x86.ActiveCfg = Release|Win32
		{15E55019-08B0-4330-B1E9-DF3A5E6DD14E}.Release|x86.Build.0 = Release|Win32
		{ECB3005C-0E27-4A6C-967A-A5BF372A104B}.Debug|Any CPU.ActiveCfg = Debug|Win32
		{ECB3005C-0E27-4A6C-967A-A5BF372A104B}.Debug|x64.ActiveCfg = Debug|x64
		{ECB3005C-0E27-4A6C-967A-A5BF372A104B}.Debug|x64.Build.0 = Debug|x64
		{ECB3005C-0E27-4A6C-967A-A5BF372A104B}.Debug|x86.ActiveCfg = Debug|Win32
		{ECB3005C-0E27-4A6C-967A-A5BF372A104B}.Debug|x86.Build.0 = Debug|Win32
		{ECB3005C-0E27-4A6C-967A-A5BF372A104B}.Release|Any CPU.ActiveCfg = Release|Win32
		{ECB3005C-0E27-4A6C-967A-A5BF372A104B}.Release|x64.ActiveCfg = Release|x64
		{ECB3005C-0E27-4A6C-967A-A5BF372A104B}.Release|x64.Build.0 = Release|x64
		{ECB3005C-0E27-4A6C-967A-A5BF372A104B}.Release|x86.ActiveCfg = Release|Win32
		{ECB3005C-0E27-4A6C-967A-A5BF372A104B}.Release|x86.Build.0 = Release|Win32
		{FD5A1353-E90E-435E-A20B-91D097A74A08}.Debug|Any CPU.ActiveCfg = Debug|Win32
		{FD5A1353-E90E-435E-A20B-91D097A74A08}.Debug|x64.ActiveCfg = Debug|x64
		{FD5A1353-E90E-435E-A20B-91D097A74A08}.Debug|x64.Build.0 = Debug|x64
		{FD5A1353-E90E-435E-A20B-91D097A74A08}.Debug|x86.ActiveCfg = Debug|Win32
		{FD5A1353-E90E-435E-A20B-91D097A74A08}.Debug|x86.Build.0 = Debug|Win32
		{FD5A1353-E90E-435E-A20B-91D097A74A08}.Release|Any CPU.ActiveCfg = Release|Win32
		{FD5A1353-E90E-435E-A20B-91D097A74A08}.Release|x64.ActiveCfg = Release|x64
		{FD5A1353-E90E-435E-A20B-91D097A74A08}.Release|x64.Build.0 = Release|x64
		{FD5A1353-E90E-435E-A20B-91D097A74A08}.Release|x86.ActiveCfg = Release|Win32
		{FD5A1353-E90E-435E-A20B-91D097A74A08}.Release|x86.Build.0 = Release|Win32
		{56D08BF4-95C8-4A18-B89A-1DC318F2F0E5}.Debug|Any CPU.ActiveCfg = Debug|Win32
		{56D08BF4-95C8-4A18-B89A-1DC318F2F0E5}.Debug|x64.ActiveCfg = Debug|x64
		{56D08BF4-95C8-4A18-B89A-1DC318F2F0E5}.Debug|x64.Build.0 = Debug|x64
		{56D08BF4-95C8-4A18-B89A-1DC318F2F0E5}.Debug|x86.ActiveCfg = Debug|Win32
		{56D08BF4-95C8-4A18-B89A-1DC318F2F0E5}.Debug|x86.Build.0 = Debug|Win32
		{56D08BF4-95C8-4A18-B89A-1DC318F2F0E5}.Release|Any CPU.ActiveCfg = Release|Win32
		{56D08BF4-95C8-4A18-B89A-1DC318F2F0E5}.Release|x64.ActiveCfg = Release|x64
		{56D08BF4-95C8-4A18-B89A-1DC318F2F0E5}.Release|x64.Build.0 = Release|x64
		{56D08BF4-95C8-4A18-B89A-1DC318F2F0E5}.Release|x86.ActiveCfg = Release|Win32
		{56D08BF4-95C8-4A18-B89A-1DC318F2F0E5}.Release|x86.Build.0 = Release|Win32
		{26C69567-0564-4E67-A3F2-41A1A840A666}.Debug|Any CPU.ActiveCfg = Debug|Win32
		{26C69567-0564-4E67-A3F2-41A1A840A666}.Debug|x64.ActiveCfg = Debug|x64
		{26C69567-0564-4E67-A3F2-41A1A840A666}.Debug|x64.Build.0 = Debug|x64
		{26C69567-0564-4E67-A3F2-41A1A840A666}.Debug|x86.ActiveCfg = Debug|Win32
		{26C69567-0564-4E67-A3F2-41A1A840A666}.Debug|x86.Build.0 = Debug|Win32
		{26C69567-0564-4E67-A3F2-41A1A840A666}.Release|Any CPU.ActiveCfg = Release|Win32
		{26C69567-0564-4E67-A3F2-41A1A840A666}.Release|x64.ActiveCfg = Release|x64
		{26C69567-0564-4E67-A3F2-41A1A840A666}.Release|x64.Build.0 = Release|x64
		{26C69567-0564-4E67-A3F2-41A1A840A666}.Release|x86.ActiveCfg = Release|Win32
		{26C69567-0564-4E67-A3F2-41A1A840A666}.Release|x86.Build.0 = Release|Win32
		{35E82633-E920-45F7-A85A-63520B9001FA}.Debug|Any CPU.ActiveCfg = Debug|Win32
		{35E82633-E920-45F7-A85A-63520B9001FA}.Debug|x64.ActiveCfg = Debug|x64
		{35E82633-E920-45F7-A85A-63520B9001FA}.Debug|x64.Build.0 = Debug|x64
		{35E82633-E920-45F7-A85A-63520B9001FA}.Debug|x86.ActiveCfg = Debug|Win32
		{35E82633-E920-45F7-A85A-63520B9001FA}.Debug|x86.Build.0 = Debug|Win32
		{35E82633-E920-45F7-A85A-63520B9001FA}.Release|Any CPU.ActiveCfg = Release|Win32
		{35E82633-E920-45F7-A85A-63520B9001FA}.Release|x64.ActiveCfg = Release|x64
		{35E82633-E920-45F7-A85A-63520B9001FA}.Release|x64.Build.0 = Release|x64
		{35E82633-E920-45F7-A85A-63520B9001FA}.Release|x86.ActiveCfg = Release|Win32
		{35E82633-E920-45F7-A85A-63520B9001FA}.Release|x86.Build.0 = Release|Win32
		{5E03D758-44D2-43DD-88CD-54CB19A37EDB}.Debug|Any CPU.ActiveCfg = Debug|Win32
		{5E03D758-44D2-43DD-88CD-54CB19A37EDB}.Debug|x64.ActiveCfg = Debug|x64
		{5E03D758-44D2-43DD-88CD-54CB19A37EDB}.Debug|x64.Build.0 = Debug|x64
		{5E03D758-44D2-43DD-88CD-54CB19A37EDB}.Debug|x86.ActiveCfg = Debug|Win32
		{5E03D758-44D2-43DD-88CD-54CB19A37EDB}.Debug|x86.Build.0 = Debug|Win32
		{5E03D758-44D2-43DD-88CD-54CB19A37EDB}.Release|Any CPU.ActiveCfg = Release|Win32
		{5E03D758-44D2-43DD-88CD-54CB19A37EDB}.Release|x64.ActiveCfg = Release|x64
		{5E03D758-44D2-43DD-88CD-54CB19A37EDB}.Release|x64.Build.0 = Release|x64
		{5E03D758-44D2-43DD-88CD-54CB19A37EDB}.Release|x86.ActiveCfg = Release|Win32
		{5E03D758-44D2-43DD-88CD-54CB19A37EDB}.Release|x86.Build.0 = Release|Win32
		{2DAE3BD5-AE1F-4671-9555-BF13D654609B}.Debug|Any CPU.ActiveCfg = Debug|Win32
		{2DAE3BD5-AE1F-4671-9555-BF13D654609B}.Debug|x64.ActiveCfg = Debug|x64
		{2DAE3BD5-AE1F-4671-9555-BF13D654609B}.Debug|x64.Build.0 = Debug|x64
		{2DAE3BD5-AE1F-4671-9555-BF13D654609B}.Debug|x86.ActiveCfg = Debug|Win32
		{2DAE3BD5-AE1F-4671-9555-BF13D654609B}.Debug|x86.Build.0 = Debug|Win32
		{2DAE3BD5-AE1F-4671-9555-BF13D654609B}.Release|Any CPU.ActiveCfg = Release|Win32
		{2DAE3BD5-AE1F-4671-9555-BF13D654609B}.Release|x64.ActiveCfg = Release|x64
		{2DAE3BD5-AE1F-4671-9555-BF13D654609B}.Release|x64.Build.0 = Release|x64
		{2DAE3BD5-AE1F-4671-9555-BF13D654609B}.Release|x86.ActiveCfg = Release|Win32
		{2DAE3BD5-AE1F-4671-9555-BF13D654609B}.Release|x86.Build.0 = Release|Win32
		{D4023CB0-8AC5-47EA-9BE6-AD6EA869217F}.Debug|Any CPU.ActiveCfg = Debug|Win32
		{D4023CB0-8AC5-47EA-9BE6-AD6EA869217F}.Debug|x64.ActiveCfg = Debug|x64
		{D4023CB0-8AC5-47EA-9BE6-AD6EA869217F}.Debug|x64.Build.0 = Debug|x64
		{D4023CB0-8AC5-47EA-9BE6-AD6EA869217F}.Debug|x86.ActiveCfg = Debug|Win32
		{D4023CB0-8AC5-47EA-9BE6-AD6EA869217F}.Debug|x86.Build.0 = Debug|Win32
		{D4023CB0-8AC5-47EA-9BE6-AD6EA869217F}.Release|Any CPU.ActiveCfg = Release|Win32
		{D4023CB0-8AC5-47EA-9BE6-AD6EA869217F}.Release|x64.ActiveCfg = Release|x64
		{D4023CB0-8AC5-47EA-9BE6-AD6EA869217F}.Release|x64.Build.0 = Release|x64
		{D4023CB0-8AC5-47EA-9BE6-AD6EA869217F}.Release|x86.ActiveCfg = Release|Win32
		{D4023CB0-8AC5-47EA-9BE6-AD6EA869217F}.Release|x86.Build.0 = Release|Win32
		{BD4F1247-9F31-40FB-9C41-799C8446C692}.Debug|Any CPU.ActiveCfg = Debug|Win32
		{BD4F1247-9F31-40FB-9C41-799C8446C692}.Debug|x64.ActiveCfg = Debug|x64
		{BD4F1247-9F31-40FB-9C41-799C8446C692}.Debug|x64.Build.0 = Debug|x64
		{BD4F1247-9F31-40FB-9C41-799C8446C692}.Debug|x86.ActiveCfg = Debug|Win32
		{BD4F1247-9F31-40FB-9C41-799C8446C692}.Debug|x86.Build.0 = Debug|Win32
		{BD4F1247-9F31-40FB-9C41-799C8446C692}.Release|Any CPU.ActiveCfg = Release|Win32
		{BD4F1247-9F31-40FB-9C41-799C8446C692}.Release|x64.ActiveCfg = Release|x64
		{BD4F1247-9F31-40FB-9C41-799C8446C692}.Release|x64.Build.0 = Release|x64
		{BD4F1247-9F31-40FB-9C41-799C8446C692}.Release|x86.ActiveCfg = Release|Win32
		{BD4F1247-9F31-40FB-9C41-799C8446C692}.Release|x86.Build.0 = Release|Win32
	EndGlobalSection
	GlobalSection(SolutionProperties) = preSolution
		HideSolutionNode = FALSE
	EndGlobalSection
EndGlobal
